
Microsoft Visual Studio Solution File, Format Version 12.00
# Visual Studio Version 17
VisualStudioVersion = 17.7.34024.191
MinimumVisualStudioVersion = 10.0.40219.1
Project("{FAE04EC0-301F-11D3-BF4B-00C04F79EFBC}") = "apiRestProva", "apiRestProva\apiRestProva.csproj", "{01D90578-A12D-4F60-9A99-E58303C4005B}"
EndProject
Global
	GlobalSection(SolutionConfigurationPlatforms) = preSolution
		Debug|Any CPU = Debug|Any CPU
		Release|Any CPU = Release|Any CPU
	EndGlobalSection
	GlobalSection(ProjectConfigurationPlatforms) = postSolution
		{01D90578-A12D-4F60-9A99-E58303C4005B}.Debug|Any CPU.ActiveCfg = Debug|Any CPU
		{01D90578-A12D-4F60-9A99-E58303C4005B}.Debug|Any CPU.Build.0 = Debug|Any CPU
		{01D90578-A12D-4F60-9A99-E58303C4005B}.Release|Any CPU.ActiveCfg = Release|Any CPU
		{01D90578-A12D-4F60-9A99-E58303C4005B}.Release|Any CPU.Build.0 = Release|Any CPU
	EndGlobalSection
	GlobalSection(SolutionProperties) = preSolution
		HideSolutionNode = FALSE
	EndGlobalSection
	GlobalSection(ExtensibilityGlobals) = postSolution
		SolutionGuid = {6FBB40C8-7273-43BC-9797-53AAE50DE29F}
	EndGlobalSection
EndGlobal
